{
  "name": "02",
  "version": "1.0.0",
  "lockfileVersion": 2,
  "requires": true,
  "packages": {
    "": {
      "name": "02",
      "version": "1.0.0",
      "license": "ISC",
      "devDependencies": {
        "keyv": "^4.5.2"
      }
    },
    "node_modules/json-buffer": {
      "version": "3.0.1",
      "resolved": "https://registry.npmjs.org/json-buffer/-/json-buffer-3.0.1.tgz",
      "integrity": "sha512-4bV5BfR2mqfQTJm+V5tPPdf+ZpuhiIvTuAB5g8kcrXOZpTT/QwwVRWBywX1ozr6lEuPdbHxwaJlm9G6mI2sfSQ==",
      "dev": true
    },
    "node_modules/keyv": {
      "version": "4.5.2",
      "resolved": "https://registry.npmjs.org/keyv/-/keyv-4.5.2.tgz",
      "integrity": "sha512-5MHbFaKn8cNSmVW7BYnijeAVlE4cYA/SVkifVgrh7yotnfhKmjuXpDKjrABLnT0SfHWV21P8ow07OGfRrNDg8g==",
      "dev": true,
      "dependencies": {
        "json-buffer": "3.0.1"
      }
    }
  },
  "dependencies": {
    "json-buffer": {
      "version": "3.0.1",
      "resolved": "https://registry.npmjs.org/json-buffer/-/json-buffer-3.0.1.tgz",
      "integrity": "sha512-4bV5BfR2mqfQTJm+V5tPPdf+ZpuhiIvTuAB5g8kcrXOZpTT/QwwVRWBywX1ozr6lEuPdbHxwaJlm9G6mI2sfSQ==",
      "dev": true
    },
    "keyv": {
      "version": "4.5.2",
      "resolved": "https://registry.npmjs.org/keyv/-/keyv-4.5.2.tgz",
      "integrity": "sha512-5MHbFaKn8cNSmVW7BYnijeAVlE4cYA/SVkifVgrh7yotnfhKmjuXpDKjrABLnT0SfHWV21P8ow07OGfRrNDg8g==",
      "dev": true,
      "requires": {
        "json-buffer": "3.0.1"
      }
    }
  }
}
